// !$*UTF8*$!
{
	archiveVersion = 1;
	classes = {
	};
	objectVersion = 46;
	objects = {

/* Begin PBXBuildFile section */
		D049C8921E6F041600941355 /* CollectionSupplementaryView.swift in Sources */ = {isa = PBXBuildFile; fileRef = D049C8911E6F041600941355 /* CollectionSupplementaryView.swift */; };
		D049C8941E6F0FBC00941355 /* DetailViewController.swift in Sources */ = {isa = PBXBuildFile; fileRef = D049C8931E6F0FBC00941355 /* DetailViewController.swift */; };
		D0C3FD7F1E65F70B004B8CA2 /* AppDelegate.swift in Sources */ = {isa = PBXBuildFile; fileRef = D0C3FD7E1E65F70A004B8CA2 /* AppDelegate.swift */; };
		D0C3FD841E65F70B004B8CA2 /* Main.storyboard in Resources */ = {isa = PBXBuildFile; fileRef = D0C3FD821E65F70B004B8CA2 /* Main.storyboard */; };
		D0C3FD861E65F70B004B8CA2 /* Assets.xcassets in Resources */ = {isa = PBXBuildFile; fileRef = D0C3FD851E65F70B004B8CA2 /* Assets.xcassets */; };
		D0C3FD891E65F70B004B8CA2 /* LaunchScreen.storyboard in Resources */ = {isa = PBXBuildFile; fileRef = D0C3FD871E65F70B004B8CA2 /* LaunchScreen.storyboard */; };
		D0FDE3D01E67AFFD009709C5 /* CollectionViewController.swift in Sources */ = {isa = PBXBuildFile; fileRef = D0FDE3CF1E67AFFD009709C5 /* CollectionViewController.swift */; };
		D0FDE3D21E67B115009709C5 /* CollectionViewCell.swift in Sources */ = {isa = PBXBuildFile; fileRef = D0FDE3D11E67B115009709C5 /* CollectionViewCell.swift */; };
/* End PBXBuildFile section */

/* Begin PBXFileReference section */
		D049C8911E6F041600941355 /* CollectionSupplementaryView.swift */ = {isa = PBXFileReference; fileEncoding = 4; lastKnownFileType = sourcecode.swift; path = CollectionSupplementaryView.swift; sourceTree = "<group>"; };
		D049C8931E6F0FBC00941355 /* DetailViewController.swift */ = {isa = PBXFileReference; fileEncoding = 4; lastKnownFileType = sourcecode.swift; path = DetailViewController.swift; sourceTree = "<group>"; };
		D0C3FD7B1E65F70A004B8CA2 /* collectionView_lab3.app */ = {isa = PBXFileReference; explicitFileType = wrapper.application; includeInIndex = 0; path = collectionView_lab3.app; sourceTree = BUILT_PRODUCTS_DIR; };
		D0C3FD7E1E65F70A004B8CA2 /* AppDelegate.swift */ = {isa = PBXFileReference; lastKnownFileType = sourcecode.swift; path = AppDelegate.swift; sourceTree = "<group>"; };
		D0C3FD831E65F70B004B8CA2 /* Base */ = {isa = PBXFileReference; lastKnownFileType = file.storyboard; name = Base; path = Base.lproj/Main.storyboard; sourceTree = "<group>"; };
		D0C3FD851E65F70B004B8CA2 /* Assets.xcassets */ = {isa = PBXFileReference; lastKnownFileType = folder.assetcatalog; path = Assets.xcassets; sourceTree = "<group>"; };
		D0C3FD881E65F70B004B8CA2 /* Base */ = {isa = PBXFileReference; lastKnownFileType = file.storyboard; name = Base; path = Base.lproj/LaunchScreen.storyboard; sourceTree = "<group>"; };
		D0C3FD8A1E65F70B004B8CA2 /* Info.plist */ = {isa = PBXFileReference; lastKnownFileType = text.plist.xml; path = Info.plist; sourceTree = "<group>"; };
		D0FDE3CF1E67AFFD009709C5 /* CollectionViewController.swift */ = {isa = PBXFileReference; fileEncoding = 4; lastKnownFileType = sourcecode.swift; path = CollectionViewController.swift; sourceTree = "<group>"; };
		D0FDE3D11E67B115009709C5 /* CollectionViewCell.swift */ = {isa = PBXFileReference; fileEncoding = 4; lastKnownFileType = sourcecode.swift; path = CollectionViewCell.swift; sourceTree = "<group>"; };
/* End PBXFileReference section */

/* Begin PBXFrameworksBuildPhase section */
		D0C3FD781E65F70A004B8CA2 /* Frameworks */ = {
			isa = PBXFrameworksBuildPhase;
			buildActionMask = 2147483647;
			files = (
			);
			runOnlyForDeploymentPostprocessing = 0;
		};
/* End PBXFrameworksBuildPhase section */

/* Begin PBXGroup section */
		D0C3FD721E65F70A004B8CA2 = {
			isa = PBXGroup;
			children = (
				D0C3FD7D1E65F70A004B8CA2 /* collectionView_lab3 */,
				D0C3FD7C1E65F70A004B8CA2 /* Products */,
			);
			sourceTree = "<group>";
		};
		D0C3FD7C1E65F70A004B8CA2 /* Products */ = {
			isa = PBXGroup;
			children = (
				D0C3FD7B1E65F70A004B8CA2 /* collectionView_lab3.app */,
			);
			name = Products;
			sourceTree = "<group>";
		};
		D0C3FD7D1E65F70A004B8CA2 /* collectionView_lab3 */ = {
			isa = PBXGroup;
			children = (
				D0C3FD7E1E65F70A004B8CA2 /* AppDelegate.swift */,
				D0FDE3CF1E67AFFD009709C5 /* CollectionViewController.swift */,
				D0FDE3D11E67B115009709C5 /* CollectionViewCell.swift */,
				D049C8931E6F0FBC00941355 /* DetailViewController.swift */,
				D0C3FD821E65F70B004B8CA2 /* Main.storyboard */,
				D049C8911E6F041600941355 /* CollectionSupplementaryView.swift */,
				D0C3FD851E65F70B004B8CA2 /* Assets.xcassets */,
				D0C3FD871E65F70B004B8CA2 /* LaunchScreen.storyboard */,
				D0C3FD8A1E65F70B004B8CA2 /* Info.plist */,
			);
			path = collectionView_lab3;
			sourceTree = "<group>";
		};
/* End PBXGroup section */

/* Begin PBXNativeTarget section */
		D0C3FD7A1E65F70A004B8CA2 /* collectionView_lab3 */ = {
			isa = PBXNativeTarget;
			buildConfigurationList = D0C3FD8D1E65F70B004B8CA2 /* Build configuration list for PBXNativeTarget "collectionView_lab3" */;
			buildPhases = (
				D0C3FD771E65F70A004B8CA2 /* Sources */,
				D0C3FD781E65F70A004B8CA2 /* Frameworks */,
				D0C3FD791E65F70A004B8CA2 /* Resources */,
			);
			buildRules = (
			);
			dependencies = (
			);
			name = collectionView_lab3;
			productName = collectionView_lab3;
			productReference = D0C3FD7B1E65F70A004B8CA2 /* collectionView_lab3.app */;
			productType = "com.apple.product-type.application";
		};
/* End PBXNativeTarget section */

/* Begin PBXProject section */
		D0C3FD731E65F70A004B8CA2 /* Project object */ = {
			isa = PBXProject;
			attributes = {
				LastSwiftUpdateCheck = 0820;
				LastUpgradeCheck = 0820;
				ORGANIZATIONNAME = natebeard_;
				TargetAttributes = {
					D0C3FD7A1E65F70A004B8CA2 = {
						CreatedOnToolsVersion = 8.2.1;
						DevelopmentTeam = KSP2UQR66F;
						ProvisioningStyle = Automatic;
					};
				};
			};
			buildConfigurationList = D0C3FD761E65F70A004B8CA2 /* Build configuration list for PBXProject "collectionView_lab3" */;
			compatibilityVersion = "Xcode 3.2";
			developmentRegion = English;
			hasScannedForEncodings = 0;
			knownRegions = (
				en,
				Base,
			);
			mainGroup = D0C3FD721E65F70A004B8CA2;
			productRefGroup = D0C3FD7C1E65F70A004B8CA2 /* Products */;
			projectDirPath = "";
			projectRoot = "";
			targets = (
				D0C3FD7A1E65F70A004B8CA2 /* collectionView_lab3 */,
			);
		};
/* End PBXProject section */

/* Begin PBXResourcesBuildPhase section */
		D0C3FD791E65F70A004B8CA2 /* Resources */ = {
			isa = PBXResourcesBuildPhase;
			buildActionMask = 2147483647;
			files = (
				D0C3FD891E65F70B004B8CA2 /* LaunchScreen.storyboard in Resources */,
				D0C3FD861E65F70B004B8CA2 /* Assets.xcassets in Resources */,
				D0C3FD841E65F70B004B8CA2 /* Main.storyboard in Resources */,
			);
			runOnlyForDeploymentPostprocessing = 0;
		};
/* End PBXResourcesBuildPhase section */

/* Begin PBXSourcesBuildPhase section */
		D0C3FD771E65F70A004B8CA2 /* Sources */ = {
			isa = PBXSourcesBuildPhase;
			buildActionMask = 2147483647;
			files = (
				D049C8921E6F041600941355 /* CollectionSupplementaryView.swift in Sources */,
				D0FDE3D01E67AFFD009709C5 /* CollectionViewController.swift in Sources */,
				D049C8941E6F0FBC00941355 /* DetailViewController.swift in Sources */,
				D0C3FD7F1E65F70B004B8CA2 /* AppDelegate.swift in Sources */,
				D0FDE3D21E67B115009709C5 /* CollectionViewCell.swift in Sources */,
			);
			runOnlyForDeploymentPostprocessing = 0;
		};
/* End PBXSourcesBuildPhase section */

/* Begin PBXVariantGroup section */
		D0C3FD821E65F70B004B8CA2 /* Main.storyboard */ = {
			isa = PBXVariantGroup;
			children = (
				D0C3FD831E65F70B004B8CA2 /* Base */,
			);
			name = Main.storyboard;
			sourceTree = "<group>";
		};
		D0C3FD871E65F70B004B8CA2 /* LaunchScreen.storyboard */ = {
			isa = PBXVariantGroup;
			children = (
				D0C3FD881E65F70B004B8CA2 /* Base */,
			);
			name = LaunchScreen.storyboard;
			sourceTree = "<group>";
		};
/* End PBXVariantGroup section */

/* Begin XCBuildConfiguration section */
		D0C3FD8B1E65F70B004B8CA2 /* Debug */ = {
			isa = XCBuildConfiguration;
			buildSettings = {
				ALWAYS_SEARCH_USER_PATHS = NO;
				CLANG_ANALYZER_NONNULL = YES;
				CLANG_CXX_LANGUAGE_STANDARD = "gnu++0x";
				CLANG_CXX_LIBRARY = "libc++";
				CLANG_ENABLE_MODULES = YES;
				CLANG_ENABLE_OBJC_ARC = YES;
				CLANG_WARN_BOOL_CONVERSION = YES;
				CLANG_WARN_CONSTANT_CONVERSION = YES;
				CLANG_WARN_DIRECT_OBJC_ISA_USAGE = YES_ERROR;
				CLANG_WARN_DOCUMENTATION_COMMENTS = YES;
				CLANG_WARN_EMPTY_BODY = YES;
				CLANG_WARN_ENUM_CONVERSION = YES;
				CLANG_WARN_INFINITE_RECURSION = YES;
				CLANG_WARN_INT_CONVERSION = YES;
				CLANG_WARN_OBJC_ROOT_CLASS = YES_ERROR;
				CLANG_WARN_SUSPICIOUS_MOVE = YES;
				CLANG_WARN_UNREACHABLE_CODE = YES;
				CLANG_WARN__DUPLICATE_METHOD_MATCH = YES;
				"CODE_SIGN_IDENTITY[sdk=iphoneos*]" = "iPhone Developer";
				COPY_PHASE_STRIP = NO;
				DEBUG_INFORMATION_FORMAT = dwarf;
				ENABLE_STRICT_OBJC_MSGSEND = YES;
				ENABLE_TESTABILITY = YES;
				GCC_C_LANGUAGE_STANDARD = gnu99;
				GCC_DYNAMIC_NO_PIC = NO;
				GCC_NO_COMMON_BLOCKS = YES;
				GCC_OPTIMIZATION_LEVEL = 0;
				GCC_PREPROCESSOR_DEFINITIONS = (
					"DEBUG=1",
					"$(inherited)",
				);
				GCC_WARN_64_TO_32_BIT_CONVERSION = YES;
				GCC_WARN_ABOUT_RETURN_TYPE = YES_ERROR;
				GCC_WARN_UNDECLARED_SELECTOR = YES;
				GCC_WARN_UNINITIALIZED_AUTOS = YES_AGGRESSIVE;
				GCC_WARN_UNUSED_FUNCTION = YES;
				GCC_WARN_UNUSED_VARIABLE = YES;
				IPHONEOS_DEPLOYMENT_TARGET = 10.2;
				MTL_ENABLE_DEBUG_INFO = YES;
				ONLY_ACTIVE_ARCH = YES;
				SDKROOT = iphoneos;
				SWIFT_ACTIVE_COMPILATION_CONDITIONS = DEBUG;
				SWIFT_OPTIMIZATION_LEVEL = "-Onone";
			};
			name = Debug;
		};
		D0C3FD8C1E65F70B004B8CA2 /* Release */ = {
			isa = XCBuildConfiguration;
			buildSettings = {
				ALWAYS_SEARCH_USER_PATHS = NO;
				CLANG_ANALYZER_NONNULL = YES;
				CLANG_CXX_LANGUAGE_STANDARD = "gnu++0x";
				CLANG_CXX_LIBRARY = "libc++";
				CLANG_ENABLE_MODULES = YES;
				CLANG_ENABLE_OBJC_ARC = YES;
				CLANG_WARN_BOOL_CONVERSION = YES;
				CLANG_WARN_CONSTANT_CONVERSION = YES;
				CLANG_WARN_DIRECT_OBJC_ISA_USAGE = YES_ERROR;
				CLANG_WARN_DOCUMENTATION_COMMENTS = YES;
				CLANG_WARN_EMPTY_BODY = YES;
				CLANG_WARN_ENUM_CONVERSION = YES;
				CLANG_WARN_INFINITE_RECURSION = YES;
				CLANG_WARN_INT_CONVERSION = YES;
				CLANG_WARN_OBJC_ROOT_CLASS = YES_ERROR;
				CLANG_WARN_SUSPICIOUS_MOVE = YES;
				CLANG_WARN_UNREACHABLE_CODE = YES;
				CLANG_WARN__DUPLICATE_METHOD_MATCH = YES;
				"CODE_SIGN_IDENTITY[sdk=iphoneos*]" = "iPhone Developer";
				COPY_PHASE_STRIP = NO;
				DEBUG_INFORMATION_FORMAT = "dwarf-with-dsym";
				ENABLE_NS_ASSERTIONS = NO;
				ENABLE_STRICT_OBJC_MSGSEND = YES;
				GCC_C_LANGUAGE_STANDARD = gnu99;
				GCC_NO_COMMON_BLOCKS = YES;
				GCC_WARN_64_TO_32_BIT_CONVERSION = YES;
				GCC_WARN_ABOUT_RETURN_TYPE = YES_ERROR;
				GCC_WARN_UNDECLARED_SELECTOR = YES;
				GCC_WARN_UNINITIALIZED_AUTOS = YES_AGGRESSIVE;
				GCC_WARN_UNUSED_FUNCTION = YES;
				GCC_WARN_UNUSED_VARIABLE = YES;
				IPHONEOS_DEPLOYMENT_TARGET = 10.2;
				MTL_ENABLE_DEBUG_INFO = NO;
				SDKROOT = iphoneos;
				SWIFT_OPTIMIZATION_LEVEL = "-Owholemodule";
				VALIDATE_PRODUCT = YES;
			};
			name = Release;
		};
		D0C3FD8E1E65F70B004B8CA2 /* Debug */ = {
			isa = XCBuildConfiguration;
			buildSettings = {
				ASSETCATALOG_COMPILER_APPICON_NAME = AppIcon;
				DEVELOPMENT_TEAM = KSP2UQR66F;
				INFOPLIST_FILE = collectionView_lab3/Info.plist;
				LD_RUNPATH_SEARCH_PATHS = "$(inherited) @executable_path/Frameworks";
				PRODUCT_BUNDLE_IDENTIFIER = "ATLAS.collectionView-lab3";
				PRODUCT_NAME = "$(TARGET_NAME)";
				SWIFT_VERSION = 3.0;
			};
			name = Debug;
		};
		D0C3FD8F1E65F70B004B8CA2 /* Release */ = {
			isa = XCBuildConfiguration;
			buildSettings = {
				ASSETCATALOG_COMPILER_APPICON_NAME = AppIcon;
				DEVELOPMENT_TEAM = KSP2UQR66F;
				INFOPLIST_FILE = collectionView_lab3/Info.plist;
				LD_RUNPATH_SEARCH_PATHS = "$(inherited) @executable_path/Frameworks";
				PRODUCT_BUNDLE_IDENTIFIER = "ATLAS.collectionView-lab3";
				PRODUCT_NAME = "$(TARGET_NAME)";
				SWIFT_VERSION = 3.0;
			};
			name = Release;
		};
/* End XCBuildConfiguration section */

/* Begin XCConfigurationList section */
		D0C3FD761E65F70A004B8CA2 /* Build configuration list for PBXProject "collectionView_lab3" */ = {
			isa = XCConfigurationList;
			buildConfigurations = (
				D0C3FD8B1E65F70B004B8CA2 /* Debug */,
				D0C3FD8C1E65F70B004B8CA2 /* Release */,
			);
			defaultConfigurationIsVisible = 0;
			defaultConfigurationName = Release;
		};
		D0C3FD8D1E65F70B004B8CA2 /* Build configuration list for PBXNativeTarget "collectionView_lab3" */ = {
			isa = XCConfigurationList;
			buildConfigurations = (
				D0C3FD8E1E65F70B004B8CA2 /* Debug */,
				D0C3FD8F1E65F70B004B8CA2 /* Release */,
			);
			defaultConfigurationIsVisible = 0;
			defaultConfigurationName = Release;
		};
/* End XCConfigurationList section */
	};
	rootObject = D0C3FD731E65F70A004B8CA2 /* Project object */;
}
